// !$*UTF8*$!
{
	archiveVersion = 1;
	classes = {
	};
	objectVersion = 46;
	objects = {

/* Begin PBXBuildFile section */
		AE124D441C3E169500EDB3CC /* AppDelegate.swift in Sources */ = {isa = PBXBuildFile; fileRef = AE124D431C3E169500EDB3CC /* AppDelegate.swift */; };
		AE124D461C3E169500EDB3CC /* MasterViewController.swift in Sources */ = {isa = PBXBuildFile; fileRef = AE124D451C3E169500EDB3CC /* MasterViewController.swift */; };
		AE124D4B1C3E169500EDB3CC /* Main.storyboard in Resources */ = {isa = PBXBuildFile; fileRef = AE124D491C3E169500EDB3CC /* Main.storyboard */; };
		AE124D4D1C3E169500EDB3CC /* Images.xcassets in Resources */ = {isa = PBXBuildFile; fileRef = AE124D4C1C3E169500EDB3CC /* Images.xcassets */; };
		AE124D501C3E169500EDB3CC /* LaunchScreen.xib in Resources */ = {isa = PBXBuildFile; fileRef = AE124D4E1C3E169500EDB3CC /* LaunchScreen.xib */; };
		AE124D5C1C3E169500EDB3CC /* ios_zooniverseTests.swift in Sources */ = {isa = PBXBuildFile; fileRef = AE124D5B1C3E169500EDB3CC /* ios_zooniverseTests.swift */; };
		AE2F79111C4C7A23006734A1 /* Project.swift in Sources */ = {isa = PBXBuildFile; fileRef = AE2F79101C4C7A22006734A1 /* Project.swift */; };
/* End PBXBuildFile section */

/* Begin PBXContainerItemProxy section */
		AE124D561C3E169500EDB3CC /* PBXContainerItemProxy */ = {
			isa = PBXContainerItemProxy;
			containerPortal = AE124D361C3E169500EDB3CC /* Project object */;
			proxyType = 1;
			remoteGlobalIDString = AE124D3D1C3E169500EDB3CC;
			remoteInfo = "ios-zooniverse";
		};
/* End PBXContainerItemProxy section */

/* Begin PBXFileReference section */
		AE124D3E1C3E169500EDB3CC /* ios-zooniverse.app */ = {isa = PBXFileReference; explicitFileType = wrapper.application; includeInIndex = 0; path = "ios-zooniverse.app"; sourceTree = BUILT_PRODUCTS_DIR; };
		AE124D421C3E169500EDB3CC /* Info.plist */ = {isa = PBXFileReference; lastKnownFileType = text.plist.xml; path = Info.plist; sourceTree = "<group>"; };
		AE124D431C3E169500EDB3CC /* AppDelegate.swift */ = {isa = PBXFileReference; lastKnownFileType = sourcecode.swift; path = AppDelegate.swift; sourceTree = "<group>"; };
		AE124D451C3E169500EDB3CC /* MasterViewController.swift */ = {isa = PBXFileReference; lastKnownFileType = sourcecode.swift; path = MasterViewController.swift; sourceTree = "<group>"; };
		AE124D4A1C3E169500EDB3CC /* Base */ = {isa = PBXFileReference; lastKnownFileType = file.storyboard; name = Base; path = Base.lproj/Main.storyboard; sourceTree = "<group>"; };
		AE124D4C1C3E169500EDB3CC /* Images.xcassets */ = {isa = PBXFileReference; lastKnownFileType = folder.assetcatalog; path = Images.xcassets; sourceTree = "<group>"; };
		AE124D4F1C3E169500EDB3CC /* Base */ = {isa = PBXFileReference; lastKnownFileType = file.xib; name = Base; path = Base.lproj/LaunchScreen.xib; sourceTree = "<group>"; };
		AE124D551C3E169500EDB3CC /* ios-zooniverseTests.xctest */ = {isa = PBXFileReference; explicitFileType = wrapper.cfbundle; includeInIndex = 0; path = "ios-zooniverseTests.xctest"; sourceTree = BUILT_PRODUCTS_DIR; };
		AE124D5A1C3E169500EDB3CC /* Info.plist */ = {isa = PBXFileReference; lastKnownFileType = text.plist.xml; path = Info.plist; sourceTree = "<group>"; };
		AE124D5B1C3E169500EDB3CC /* ios_zooniverseTests.swift */ = {isa = PBXFileReference; lastKnownFileType = sourcecode.swift; path = ios_zooniverseTests.swift; sourceTree = "<group>"; };
		AE2F79101C4C7A22006734A1 /* Project.swift */ = {isa = PBXFileReference; fileEncoding = 4; lastKnownFileType = sourcecode.swift; path = Project.swift; sourceTree = "<group>"; };
/* End PBXFileReference section */

/* Begin PBXFrameworksBuildPhase section */
		AE124D3B1C3E169500EDB3CC /* Frameworks */ = {
			isa = PBXFrameworksBuildPhase;
			buildActionMask = 2147483647;
			files = (
			);
			runOnlyForDeploymentPostprocessing = 0;
		};
		AE124D521C3E169500EDB3CC /* Frameworks */ = {
			isa = PBXFrameworksBuildPhase;
			buildActionMask = 2147483647;
			files = (
			);
			runOnlyForDeploymentPostprocessing = 0;
		};
/* End PBXFrameworksBuildPhase section */

/* Begin PBXGroup section */
		AE124D351C3E169500EDB3CC = {
			isa = PBXGroup;
			children = (
				AE124D401C3E169500EDB3CC /* ios-zooniverse */,
				AE124D581C3E169500EDB3CC /* ios-zooniverseTests */,
				AE124D3F1C3E169500EDB3CC /* Products */,
			);
			sourceTree = "<group>";
		};
		AE124D3F1C3E169500EDB3CC /* Products */ = {
			isa = PBXGroup;
			children = (
				AE124D3E1C3E169500EDB3CC /* ios-zooniverse.app */,
				AE124D551C3E169500EDB3CC /* ios-zooniverseTests.xctest */,
			);
			name = Products;
			sourceTree = "<group>";
		};
		AE124D401C3E169500EDB3CC /* ios-zooniverse */ = {
			isa = PBXGroup;
			children = (
				AE124D431C3E169500EDB3CC /* AppDelegate.swift */,
				AE124D451C3E169500EDB3CC /* MasterViewController.swift */,
				AE124D491C3E169500EDB3CC /* Main.storyboard */,
				AE124D4C1C3E169500EDB3CC /* Images.xcassets */,
				AE124D4E1C3E169500EDB3CC /* LaunchScreen.xib */,
				AE124D411C3E169500EDB3CC /* Supporting Files */,
				AE2F79101C4C7A22006734A1 /* Project.swift */,
			);
			path = "ios-zooniverse";
			sourceTree = "<group>";
		};
		AE124D411C3E169500EDB3CC /* Supporting Files */ = {
			isa = PBXGroup;
			children = (
				AE124D421C3E169500EDB3CC /* Info.plist */,
			);
			name = "Supporting Files";
			sourceTree = "<group>";
		};
		AE124D581C3E169500EDB3CC /* ios-zooniverseTests */ = {
			isa = PBXGroup;
			children = (
				AE124D5B1C3E169500EDB3CC /* ios_zooniverseTests.swift */,
				AE124D591C3E169500EDB3CC /* Supporting Files */,
			);
			path = "ios-zooniverseTests";
			sourceTree = "<group>";
		};
		AE124D591C3E169500EDB3CC /* Supporting Files */ = {
			isa = PBXGroup;
			children = (
				AE124D5A1C3E169500EDB3CC /* Info.plist */,
			);
			name = "Supporting Files";
			sourceTree = "<group>";
		};
/* End PBXGroup section */

/* Begin PBXNativeTarget section */
		AE124D3D1C3E169500EDB3CC /* ios-zooniverse */ = {
			isa = PBXNativeTarget;
			buildConfigurationList = AE124D5F1C3E169500EDB3CC /* Build configuration list for PBXNativeTarget "ios-zooniverse" */;
			buildPhases = (
				AE124D3A1C3E169500EDB3CC /* Sources */,
				AE124D3B1C3E169500EDB3CC /* Frameworks */,
				AE124D3C1C3E169500EDB3CC /* Resources */,
			);
			buildRules = (
			);
			dependencies = (
			);
			name = "ios-zooniverse";
			productName = "ios-zooniverse";
			productReference = AE124D3E1C3E169500EDB3CC /* ios-zooniverse.app */;
			productType = "com.apple.product-type.application";
		};
		AE124D541C3E169500EDB3CC /* ios-zooniverseTests */ = {
			isa = PBXNativeTarget;
			buildConfigurationList = AE124D621C3E169500EDB3CC /* Build configuration list for PBXNativeTarget "ios-zooniverseTests" */;
			buildPhases = (
				AE124D511C3E169500EDB3CC /* Sources */,
				AE124D521C3E169500EDB3CC /* Frameworks */,
				AE124D531C3E169500EDB3CC /* Resources */,
			);
			buildRules = (
			);
			dependencies = (
				AE124D571C3E169500EDB3CC /* PBXTargetDependency */,
			);
			name = "ios-zooniverseTests";
			productName = "ios-zooniverseTests";
			productReference = AE124D551C3E169500EDB3CC /* ios-zooniverseTests.xctest */;
			productType = "com.apple.product-type.bundle.unit-test";
		};
/* End PBXNativeTarget section */

/* Begin PBXProject section */
		AE124D361C3E169500EDB3CC /* Project object */ = {
			isa = PBXProject;
			attributes = {
				LastSwiftUpdateCheck = 0720;
				LastUpgradeCheck = 0610;
				ORGANIZATIONNAME = Pivotal;
				TargetAttributes = {
					AE124D3D1C3E169500EDB3CC = {
						CreatedOnToolsVersion = 6.1.1;
					};
					AE124D541C3E169500EDB3CC = {
						CreatedOnToolsVersion = 6.1.1;
						TestTargetID = AE124D3D1C3E169500EDB3CC;
					};
				};
			};
			buildConfigurationList = AE124D391C3E169500EDB3CC /* Build configuration list for PBXProject "ios-zooniverse" */;
			compatibilityVersion = "Xcode 3.2";
			developmentRegion = English;
			hasScannedForEncodings = 0;
			knownRegions = (
				en,
				Base,
			);
			mainGroup = AE124D351C3E169500EDB3CC;
			productRefGroup = AE124D3F1C3E169500EDB3CC /* Products */;
			projectDirPath = "";
			projectRoot = "";
			targets = (
				AE124D3D1C3E169500EDB3CC /* ios-zooniverse */,
				AE124D541C3E169500EDB3CC /* ios-zooniverseTests */,
			);
		};
/* End PBXProject section */

/* Begin PBXResourcesBuildPhase section */
		AE124D3C1C3E169500EDB3CC /* Resources */ = {
			isa = PBXResourcesBuildPhase;
			buildActionMask = 2147483647;
			files = (
				AE124D4B1C3E169500EDB3CC /* Main.storyboard in Resources */,
				AE124D501C3E169500EDB3CC /* LaunchScreen.xib in Resources */,
				AE124D4D1C3E169500EDB3CC /* Images.xcassets in Resources */,
			);
			runOnlyForDeploymentPostprocessing = 0;
		};
		AE124D531C3E169500EDB3CC /* Resources */ = {
			isa = PBXResourcesBuildPhase;
			buildActionMask = 2147483647;
			files = (
			);
			runOnlyForDeploymentPostprocessing = 0;
		};
/* End PBXResourcesBuildPhase section */

/* Begin PBXSourcesBuildPhase section */
		AE124D3A1C3E169500EDB3CC /* Sources */ = {
			isa = PBXSourcesBuildPhase;
			buildActionMask = 2147483647;
			files = (
				AE124D461C3E169500EDB3CC /* MasterViewController.swift in Sources */,
				AE124D441C3E169500EDB3CC /* AppDelegate.swift in Sources */,
				AE2F79111C4C7A23006734A1 /* Project.swift in Sources */,
			);
			runOnlyForDeploymentPostprocessing = 0;
		};
		AE124D511C3E169500EDB3CC /* Sources */ = {
			isa = PBXSourcesBuildPhase;
			buildActionMask = 2147483647;
			files = (
				AE124D5C1C3E169500EDB3CC /* ios_zooniverseTests.swift in Sources */,
			);
			runOnlyForDeploymentPostprocessing = 0;
		};
/* End PBXSourcesBuildPhase section */

/* Begin PBXTargetDependency section */
		AE124D571C3E169500EDB3CC /* PBXTargetDependency */ = {
			isa = PBXTargetDependency;
			target = AE124D3D1C3E169500EDB3CC /* ios-zooniverse */;
			targetProxy = AE124D561C3E169500EDB3CC /* PBXContainerItemProxy */;
		};
/* End PBXTargetDependency section */

/* Begin PBXVariantGroup section */
		AE124D491C3E169500EDB3CC /* Main.storyboard */ = {
			isa = PBXVariantGroup;
			children = (
				AE124D4A1C3E169500EDB3CC /* Base */,
			);
			name = Main.storyboard;
			sourceTree = "<group>";
		};
		AE124D4E1C3E169500EDB3CC /* LaunchScreen.xib */ = {
			isa = PBXVariantGroup;
			children = (
				AE124D4F1C3E169500EDB3CC /* Base */,
			);
			name = LaunchScreen.xib;
			sourceTree = "<group>";
		};
/* End PBXVariantGroup section */

/* Begin XCBuildConfiguration section */
		AE124D5D1C3E169500EDB3CC /* Debug */ = {
			isa = XCBuildConfiguration;
			buildSettings = {
				ALWAYS_SEARCH_USER_PATHS = NO;
				CLANG_CXX_LANGUAGE_STANDARD = "gnu++0x";
				CLANG_CXX_LIBRARY = "libc++";
				CLANG_ENABLE_MODULES = YES;
				CLANG_ENABLE_OBJC_ARC = YES;
				CLANG_WARN_BOOL_CONVERSION = YES;
				CLANG_WARN_CONSTANT_CONVERSION = YES;
				CLANG_WARN_DIRECT_OBJC_ISA_USAGE = YES_ERROR;
				CLANG_WARN_EMPTY_BODY = YES;
				CLANG_WARN_ENUM_CONVERSION = YES;
				CLANG_WARN_INT_CONVERSION = YES;
				CLANG_WARN_OBJC_ROOT_CLASS = YES_ERROR;
				CLANG_WARN_UNREACHABLE_CODE = YES;
				CLANG_WARN__DUPLICATE_METHOD_MATCH = YES;
				"CODE_SIGN_IDENTITY[sdk=iphoneos*]" = "iPhone Developer";
				COPY_PHASE_STRIP = NO;
				ENABLE_STRICT_OBJC_MSGSEND = YES;
				GCC_C_LANGUAGE_STANDARD = gnu99;
				GCC_DYNAMIC_NO_PIC = NO;
				GCC_OPTIMIZATION_LEVEL = 0;
				GCC_PREPROCESSOR_DEFINITIONS = (
					"DEBUG=1",
					"$(inherited)",
				);
				GCC_SYMBOLS_PRIVATE_EXTERN = NO;
				GCC_WARN_64_TO_32_BIT_CONVERSION = YES;
				GCC_WARN_ABOUT_RETURN_TYPE = YES_ERROR;
				GCC_WARN_UNDECLARED_SELECTOR = YES;
				GCC_WARN_UNINITIALIZED_AUTOS = YES_AGGRESSIVE;
				GCC_WARN_UNUSED_FUNCTION = YES;
				GCC_WARN_UNUSED_VARIABLE = YES;
				IPHONEOS_DEPLOYMENT_TARGET = 8.1;
				MTL_ENABLE_DEBUG_INFO = YES;
				ONLY_ACTIVE_ARCH = YES;
				SDKROOT = iphoneos;
				SWIFT_OPTIMIZATION_LEVEL = "-Onone";
				TARGETED_DEVICE_FAMILY = "1,2";
			};
			name = Debug;
		};
		AE124D5E1C3E169500EDB3CC /* Release */ = {
			isa = XCBuildConfiguration;
			buildSettings = {
				ALWAYS_SEARCH_USER_PATHS = NO;
				CLANG_CXX_LANGUAGE_STANDARD = "gnu++0x";
				CLANG_CXX_LIBRARY = "libc++";
				CLANG_ENABLE_MODULES = YES;
				CLANG_ENABLE_OBJC_ARC = YES;
				CLANG_WARN_BOOL_CONVERSION = YES;
				CLANG_WARN_CONSTANT_CONVERSION = YES;
				CLANG_WARN_DIRECT_OBJC_ISA_USAGE = YES_ERROR;
				CLANG_WARN_EMPTY_BODY = YES;
				CLANG_WARN_ENUM_CONVERSION = YES;
				CLANG_WARN_INT_CONVERSION = YES;
				CLANG_WARN_OBJC_ROOT_CLASS = YES_ERROR;
				CLANG_WARN_UNREACHABLE_CODE = YES;
				CLANG_WARN__DUPLICATE_METHOD_MATCH = YES;
				"CODE_SIGN_IDENTITY[sdk=iphoneos*]" = "iPhone Developer";
				COPY_PHASE_STRIP = YES;
				ENABLE_NS_ASSERTIONS = NO;
				ENABLE_STRICT_OBJC_MSGSEND = YES;
				GCC_C_LANGUAGE_STANDARD = gnu99;
				GCC_WARN_64_TO_32_BIT_CONVERSION = YES;
				GCC_WARN_ABOUT_RETURN_TYPE = YES_ERROR;
				GCC_WARN_UNDECLARED_SELECTOR = YES;
				GCC_WARN_UNINITIALIZED_AUTOS = YES_AGGRESSIVE;
				GCC_WARN_UNUSED_FUNCTION = YES;
				GCC_WARN_UNUSED_VARIABLE = YES;
				IPHONEOS_DEPLOYMENT_TARGET = 8.1;
				MTL_ENABLE_DEBUG_INFO = NO;
				SDKROOT = iphoneos;
				TARGETED_DEVICE_FAMILY = "1,2";
				VALIDATE_PRODUCT = YES;
			};
			name = Release;
		};
		AE124D601C3E169500EDB3CC /* Debug */ = {
			isa = XCBuildConfiguration;
			buildSettings = {
				ASSETCATALOG_COMPILER_APPICON_NAME = AppIcon;
				INFOPLIST_FILE = "ios-zooniverse/Info.plist";
				LD_RUNPATH_SEARCH_PATHS = "$(inherited) @executable_path/Frameworks";
				PRODUCT_NAME = "$(TARGET_NAME)";
			};
			name = Debug;
		};
		AE124D611C3E169500EDB3CC /* Release */ = {
			isa = XCBuildConfiguration;
			buildSettings = {
				ASSETCATALOG_COMPILER_APPICON_NAME = AppIcon;
				INFOPLIST_FILE = "ios-zooniverse/Info.plist";
				LD_RUNPATH_SEARCH_PATHS = "$(inherited) @executable_path/Frameworks";
				PRODUCT_NAME = "$(TARGET_NAME)";
			};
			name = Release;
		};
		AE124D631C3E169500EDB3CC /* Debug */ = {
			isa = XCBuildConfiguration;
			buildSettings = {
				BUNDLE_LOADER = "$(TEST_HOST)";
				FRAMEWORK_SEARCH_PATHS = (
					"$(SDKROOT)/Developer/Library/Frameworks",
					"$(inherited)",
				);
				GCC_PREPROCESSOR_DEFINITIONS = (
					"DEBUG=1",
					"$(inherited)",
				);
				INFOPLIST_FILE = "ios-zooniverseTests/Info.plist";
				LD_RUNPATH_SEARCH_PATHS = "$(inherited) @executable_path/Frameworks @loader_path/Frameworks";
				PRODUCT_NAME = "$(TARGET_NAME)";
				TEST_HOST = "$(BUILT_PRODUCTS_DIR)/ios-zooniverse.app/ios-zooniverse";
			};
			name = Debug;
		};
		AE124D641C3E169500EDB3CC /* Release */ = {
			isa = XCBuildConfiguration;
			buildSettings = {
				BUNDLE_LOADER = "$(TEST_HOST)";
				FRAMEWORK_SEARCH_PATHS = (
					"$(SDKROOT)/Developer/Library/Frameworks",
					"$(inherited)",
				);
				INFOPLIST_FILE = "ios-zooniverseTests/Info.plist";
				LD_RUNPATH_SEARCH_PATHS = "$(inherited) @executable_path/Frameworks @loader_path/Frameworks";
				PRODUCT_NAME = "$(TARGET_NAME)";
				TEST_HOST = "$(BUILT_PRODUCTS_DIR)/ios-zooniverse.app/ios-zooniverse";
			};
			name = Release;
		};
/* End XCBuildConfiguration section */

/* Begin XCConfigurationList section */
		AE124D391C3E169500EDB3CC /* Build configuration list for PBXProject "ios-zooniverse" */ = {
			isa = XCConfigurationList;
			buildConfigurations = (
				AE124D5D1C3E169500EDB3CC /* Debug */,
				AE124D5E1C3E169500EDB3CC /* Release */,
			);
			defaultConfigurationIsVisible = 0;
			defaultConfigurationName = Release;
		};
		AE124D5F1C3E169500EDB3CC /* Build configuration list for PBXNativeTarget "ios-zooniverse" */ = {
			isa = XCConfigurationList;
			buildConfigurations = (
				AE124D601C3E169500EDB3CC /* Debug */,
				AE124D611C3E169500EDB3CC /* Release */,
			);
			defaultConfigurationIsVisible = 0;
			defaultConfigurationName = Release;
		};
		AE124D621C3E169500EDB3CC /* Build configuration list for PBXNativeTarget "ios-zooniverseTests" */ = {
			isa = XCConfigurationList;
			buildConfigurations = (
				AE124D631C3E169500EDB3CC /* Debug */,
				AE124D641C3E169500EDB3CC /* Release */,
			);
			defaultConfigurationIsVisible = 0;
			defaultConfigurationName = Release;
		};
/* End XCConfigurationList section */
	};
	rootObject = AE124D361C3E169500EDB3CC /* Project object */;
}
